{
  "lockfileVersion": 1,
  "configVersion": 1,
  "workspaces": {
    "": {
      "dependencies": {
        "lenis": "^1.3.17",
      },
    },
  },
  "packages": {
    "lenis": ["lenis@1.3.17", "", { "peerDependencies": { "@nuxt/kit": ">=3.0.0", "react": ">=17.0.0", "vue": ">=3.0.0" }, "optionalPeers": ["@nuxt/kit", "react", "vue"] }, "sha512-k9T9rgcxne49ggJOvXCraWn5dt7u2mO+BNkhyu6yxuEnm9c092kAW5Bus5SO211zUvx7aCCEtzy9UWr0RB+oJw=="],
  }
}
